// !$*UTF8*$!
{
	archiveVersion = 1;
	classes = {
	};
	objectVersion = 46;
	objects = {

/* Begin PBXBuildFile section */
		0BC88EE301AD98E05FD77E18 /* Pods_Tasky.framework in Frameworks */ = {isa = PBXBuildFile; fileRef = D71A8BDE7950392C12DA6D4F /* Pods_Tasky.framework */; };
		521706D11BAD779E007BCE73 /* Constants.swift in Sources */ = {isa = PBXBuildFile; fileRef = 521706D01BAD779E007BCE73 /* Constants.swift */; settings = {COMPILER_FLAGS = "-w"; }; };
		522421FF1D32915A000ED4BC /* QuartzCore.framework in Frameworks */ = {isa = PBXBuildFile; fileRef = 522421FE1D32915A000ED4BC /* QuartzCore.framework */; };
		522422011D32915F000ED4BC /* MessageUI.framework in Frameworks */ = {isa = PBXBuildFile; fileRef = 522422001D32915F000ED4BC /* MessageUI.framework */; };
		5235B8D91AD9582800B3BAE2 /* Utils.swift in Sources */ = {isa = PBXBuildFile; fileRef = 5235B8D81AD9582800B3BAE2 /* Utils.swift */; settings = {COMPILER_FLAGS = "-w"; }; };
		523DA47D1ADC574B007F7F7D /* Main.storyboard in Resources */ = {isa = PBXBuildFile; fileRef = 523DA47B1ADC574B007F7F7D /* Main.storyboard */; };
		5252DB2F206795C000621E57 /* StoreKit.framework in Frameworks */ = {isa = PBXBuildFile; fileRef = 5252DB2E206795C000621E57 /* StoreKit.framework */; };
		5252DB3020679E2900621E57 /* Goals.swift in Sources */ = {isa = PBXBuildFile; fileRef = 52CC532D1AAA4E8A002A51C1 /* Goals.swift */; };
		5252F1AC219DD58000DEC276 /* CoreData.swift in Sources */ = {isa = PBXBuildFile; fileRef = 5252F1AB219DD57F00DEC276 /* CoreData.swift */; };
		52579C8A218E385500C1DEA1 /* Achievements.swift in Sources */ = {isa = PBXBuildFile; fileRef = 52579C89218E385500C1DEA1 /* Achievements.swift */; };
		52579C8C218E387700C1DEA1 /* ProgressManager.swift in Sources */ = {isa = PBXBuildFile; fileRef = 52579C8B218E387700C1DEA1 /* ProgressManager.swift */; };
		5264519A1AAF644F002C37A6 /* Tasks.swift in Sources */ = {isa = PBXBuildFile; fileRef = 526451991AAF644F002C37A6 /* Tasks.swift */; settings = {COMPILER_FLAGS = "-w"; }; };
		5264519C1AAF9194002C37A6 /* AddTask.swift in Sources */ = {isa = PBXBuildFile; fileRef = 5264519B1AAF9194002C37A6 /* AddTask.swift */; settings = {COMPILER_FLAGS = "-w"; }; };
		527E3121206C059400547173 /* Purchase.swift in Sources */ = {isa = PBXBuildFile; fileRef = 527E3120206C059400547173 /* Purchase.swift */; };
		527EBF79206D6DDA00F17038 /* Tasky.xcdatamodeld in Sources */ = {isa = PBXBuildFile; fileRef = 527EBF77206D6DDA00F17038 /* Tasky.xcdatamodeld */; };
		52973ACE1E2ADF8A00D7DE3F /* Extensions.swift in Sources */ = {isa = PBXBuildFile; fileRef = 52973ACD1E2ADF8A00D7DE3F /* Extensions.swift */; };
		52973AD71E2BAAFC00D7DE3F /* GothamProBlack.ttf in Resources */ = {isa = PBXBuildFile; fileRef = 52973AD31E2BAAFC00D7DE3F /* GothamProBlack.ttf */; };
		52973AD81E2BAAFC00D7DE3F /* GothamProBold.ttf in Resources */ = {isa = PBXBuildFile; fileRef = 52973AD41E2BAAFC00D7DE3F /* GothamProBold.ttf */; };
		52973AD91E2BAAFC00D7DE3F /* GothamProMedium.ttf in Resources */ = {isa = PBXBuildFile; fileRef = 52973AD51E2BAAFC00D7DE3F /* GothamProMedium.ttf */; };
		52973ADA1E2BAAFC00D7DE3F /* GothamProRegular.ttf in Resources */ = {isa = PBXBuildFile; fileRef = 52973AD61E2BAAFC00D7DE3F /* GothamProRegular.ttf */; };
		52973AE71E2BD78B00D7DE3F /* Settings.swift in Sources */ = {isa = PBXBuildFile; fileRef = 52973AE61E2BD78B00D7DE3F /* Settings.swift */; };
		52BB3EF51AE314BA00A12D0C /* Task.swift in Sources */ = {isa = PBXBuildFile; fileRef = 52BB3EF41AE314BA00A12D0C /* Task.swift */; settings = {COMPILER_FLAGS = "-w"; }; };
		52BEF067206FF4DF001E925B /* TaskyUITests.swift in Sources */ = {isa = PBXBuildFile; fileRef = 52BEF066206FF4DF001E925B /* TaskyUITests.swift */; };
		52BEF06F206FF61A001E925B /* SnapshotHelper.swift in Sources */ = {isa = PBXBuildFile; fileRef = 52BEF06E206FF61A001E925B /* SnapshotHelper.swift */; };
		52C703382143E09800AC839F /* Upgrade.swift in Sources */ = {isa = PBXBuildFile; fileRef = 52C703372143E09800AC839F /* Upgrade.swift */; };
		52C7033B2143F7F500AC839F /* Dialogs.swift in Sources */ = {isa = PBXBuildFile; fileRef = 52C7033A2143F7F500AC839F /* Dialogs.swift */; };
		52C7034221441D1E00AC839F /* CustomClasses.swift in Sources */ = {isa = PBXBuildFile; fileRef = 52C7034121441D1E00AC839F /* CustomClasses.swift */; };
		52C980EE1D315E9800F7E1B0 /* Themes.swift in Sources */ = {isa = PBXBuildFile; fileRef = 52C980ED1D315E9800F7E1B0 /* Themes.swift */; settings = {COMPILER_FLAGS = "-w"; }; };
		52CC53291AAA4E8A002A51C1 /* AppDelegate.swift in Sources */ = {isa = PBXBuildFile; fileRef = 52CC53281AAA4E8A002A51C1 /* AppDelegate.swift */; settings = {COMPILER_FLAGS = "-w"; }; };
		52CC53331AAA4E8A002A51C1 /* Images.xcassets in Resources */ = {isa = PBXBuildFile; fileRef = 52CC53321AAA4E8A002A51C1 /* Images.xcassets */; };
		52CC53361AAA4E8A002A51C1 /* LaunchScreen.xib in Resources */ = {isa = PBXBuildFile; fileRef = 52CC53341AAA4E8A002A51C1 /* LaunchScreen.xib */; };
/* End PBXBuildFile section */

/* Begin PBXContainerItemProxy section */
		52BEF069206FF4DF001E925B /* PBXContainerItemProxy */ = {
			isa = PBXContainerItemProxy;
			containerPortal = 52CC531B1AAA4E8A002A51C1 /* Project object */;
			proxyType = 1;
			remoteGlobalIDString = 52CC53221AAA4E8A002A51C1;
			remoteInfo = Tasky;
		};
/* End PBXContainerItemProxy section */

/* Begin PBXFileReference section */
		521706D01BAD779E007BCE73 /* Constants.swift */ = {isa = PBXFileReference; fileEncoding = 4; lastKnownFileType = sourcecode.swift; path = Constants.swift; sourceTree = "<group>"; };
		522421FE1D32915A000ED4BC /* QuartzCore.framework */ = {isa = PBXFileReference; lastKnownFileType = wrapper.framework; name = QuartzCore.framework; path = System/Library/Frameworks/QuartzCore.framework; sourceTree = SDKROOT; };
		522422001D32915F000ED4BC /* MessageUI.framework */ = {isa = PBXFileReference; lastKnownFileType = wrapper.framework; name = MessageUI.framework; path = System/Library/Frameworks/MessageUI.framework; sourceTree = SDKROOT; };
		5235B8D81AD9582800B3BAE2 /* Utils.swift */ = {isa = PBXFileReference; fileEncoding = 4; lastKnownFileType = sourcecode.swift; path = Utils.swift; sourceTree = "<group>"; };
		523DA47C1ADC574B007F7F7D /* Base */ = {isa = PBXFileReference; lastKnownFileType = file.storyboard; name = Base; path = Base.lproj/Main.storyboard; sourceTree = "<group>"; };
		5252DB2E206795C000621E57 /* StoreKit.framework */ = {isa = PBXFileReference; lastKnownFileType = wrapper.framework; name = StoreKit.framework; path = System/Library/Frameworks/StoreKit.framework; sourceTree = SDKROOT; };
		5252F1AB219DD57F00DEC276 /* CoreData.swift */ = {isa = PBXFileReference; fileEncoding = 4; lastKnownFileType = sourcecode.swift; path = CoreData.swift; sourceTree = "<group>"; };
		52579C89218E385500C1DEA1 /* Achievements.swift */ = {isa = PBXFileReference; lastKnownFileType = sourcecode.swift; path = Achievements.swift; sourceTree = "<group>"; };
		52579C8B218E387700C1DEA1 /* ProgressManager.swift */ = {isa = PBXFileReference; lastKnownFileType = sourcecode.swift; path = ProgressManager.swift; sourceTree = "<group>"; };
		526451991AAF644F002C37A6 /* Tasks.swift */ = {isa = PBXFileReference; fileEncoding = 4; lastKnownFileType = sourcecode.swift; path = Tasks.swift; sourceTree = "<group>"; };
		5264519B1AAF9194002C37A6 /* AddTask.swift */ = {isa = PBXFileReference; fileEncoding = 4; lastKnownFileType = sourcecode.swift; path = AddTask.swift; sourceTree = "<group>"; };
		527E3120206C059400547173 /* Purchase.swift */ = {isa = PBXFileReference; lastKnownFileType = sourcecode.swift; path = Purchase.swift; sourceTree = "<group>"; };
		527EBF78206D6DDA00F17038 /* InTouch.xcdatamodel */ = {isa = PBXFileReference; lastKnownFileType = wrapper.xcdatamodel; path = InTouch.xcdatamodel; sourceTree = "<group>"; };
		52973ACD1E2ADF8A00D7DE3F /* Extensions.swift */ = {isa = PBXFileReference; fileEncoding = 4; lastKnownFileType = sourcecode.swift; path = Extensions.swift; sourceTree = "<group>"; };
		52973AD31E2BAAFC00D7DE3F /* GothamProBlack.ttf */ = {isa = PBXFileReference; lastKnownFileType = file; path = GothamProBlack.ttf; sourceTree = "<group>"; };
		52973AD41E2BAAFC00D7DE3F /* GothamProBold.ttf */ = {isa = PBXFileReference; lastKnownFileType = file; path = GothamProBold.ttf; sourceTree = "<group>"; };
		52973AD51E2BAAFC00D7DE3F /* GothamProMedium.ttf */ = {isa = PBXFileReference; lastKnownFileType = file; path = GothamProMedium.ttf; sourceTree = "<group>"; };
		52973AD61E2BAAFC00D7DE3F /* GothamProRegular.ttf */ = {isa = PBXFileReference; lastKnownFileType = file; path = GothamProRegular.ttf; sourceTree = "<group>"; };
		52973AE61E2BD78B00D7DE3F /* Settings.swift */ = {isa = PBXFileReference; fileEncoding = 4; lastKnownFileType = sourcecode.swift; path = Settings.swift; sourceTree = "<group>"; };
		52BB3EF41AE314BA00A12D0C /* Task.swift */ = {isa = PBXFileReference; fileEncoding = 4; lastKnownFileType = sourcecode.swift; path = Task.swift; sourceTree = "<group>"; };
		52BEF064206FF4DF001E925B /* TaskyUITests.xctest */ = {isa = PBXFileReference; explicitFileType = wrapper.cfbundle; includeInIndex = 0; path = TaskyUITests.xctest; sourceTree = BUILT_PRODUCTS_DIR; };
		52BEF066206FF4DF001E925B /* TaskyUITests.swift */ = {isa = PBXFileReference; lastKnownFileType = sourcecode.swift; path = TaskyUITests.swift; sourceTree = "<group>"; };
		52BEF068206FF4DF001E925B /* Info.plist */ = {isa = PBXFileReference; lastKnownFileType = text.plist.xml; path = Info.plist; sourceTree = "<group>"; };
		52BEF06E206FF61A001E925B /* SnapshotHelper.swift */ = {isa = PBXFileReference; fileEncoding = 4; lastKnownFileType = sourcecode.swift; path = SnapshotHelper.swift; sourceTree = "<group>"; };
		52C703372143E09800AC839F /* Upgrade.swift */ = {isa = PBXFileReference; lastKnownFileType = sourcecode.swift; path = Upgrade.swift; sourceTree = "<group>"; };
		52C7033A2143F7F500AC839F /* Dialogs.swift */ = {isa = PBXFileReference; lastKnownFileType = sourcecode.swift; path = Dialogs.swift; sourceTree = "<group>"; };
		52C7034121441D1E00AC839F /* CustomClasses.swift */ = {isa = PBXFileReference; lastKnownFileType = sourcecode.swift; path = CustomClasses.swift; sourceTree = "<group>"; };
		52C980ED1D315E9800F7E1B0 /* Themes.swift */ = {isa = PBXFileReference; fileEncoding = 4; lastKnownFileType = sourcecode.swift; path = Themes.swift; sourceTree = "<group>"; };
		52CC53231AAA4E8A002A51C1 /* Tasky.app */ = {isa = PBXFileReference; explicitFileType = wrapper.application; includeInIndex = 0; path = Tasky.app; sourceTree = BUILT_PRODUCTS_DIR; };
		52CC53271AAA4E8A002A51C1 /* Info.plist */ = {isa = PBXFileReference; lastKnownFileType = text.plist.xml; path = Info.plist; sourceTree = "<group>"; };
		52CC53281AAA4E8A002A51C1 /* AppDelegate.swift */ = {isa = PBXFileReference; lastKnownFileType = sourcecode.swift; path = AppDelegate.swift; sourceTree = "<group>"; };
		52CC532D1AAA4E8A002A51C1 /* Goals.swift */ = {isa = PBXFileReference; lastKnownFileType = sourcecode.swift; path = Goals.swift; sourceTree = "<group>"; };
		52CC53321AAA4E8A002A51C1 /* Images.xcassets */ = {isa = PBXFileReference; lastKnownFileType = folder.assetcatalog; path = Images.xcassets; sourceTree = "<group>"; };
		52CC53351AAA4E8A002A51C1 /* Base */ = {isa = PBXFileReference; lastKnownFileType = file.xib; name = Base; path = Base.lproj/LaunchScreen.xib; sourceTree = "<group>"; };
		795ECED415D047BE942023CC /* Pods-Tasky.debug.xcconfig */ = {isa = PBXFileReference; includeInIndex = 1; lastKnownFileType = text.xcconfig; name = "Pods-Tasky.debug.xcconfig"; path = "Pods/Target Support Files/Pods-Tasky/Pods-Tasky.debug.xcconfig"; sourceTree = "<group>"; };
		D4700C8528F6B1217A2ACFAD /* Pods-Tasky.release.xcconfig */ = {isa = PBXFileReference; includeInIndex = 1; lastKnownFileType = text.xcconfig; name = "Pods-Tasky.release.xcconfig"; path = "Pods/Target Support Files/Pods-Tasky/Pods-Tasky.release.xcconfig"; sourceTree = "<group>"; };
		D71A8BDE7950392C12DA6D4F /* Pods_Tasky.framework */ = {isa = PBXFileReference; explicitFileType = wrapper.framework; includeInIndex = 0; path = Pods_Tasky.framework; sourceTree = BUILT_PRODUCTS_DIR; };
/* End PBXFileReference section */

/* Begin PBXFrameworksBuildPhase section */
		52BEF061206FF4DF001E925B /* Frameworks */ = {
			isa = PBXFrameworksBuildPhase;
			buildActionMask = 2147483647;
			files = (
			);
			runOnlyForDeploymentPostprocessing = 0;
		};
		52CC53201AAA4E8A002A51C1 /* Frameworks */ = {
			isa = PBXFrameworksBuildPhase;
			buildActionMask = 2147483647;
			files = (
				5252DB2F206795C000621E57 /* StoreKit.framework in Frameworks */,
				522422011D32915F000ED4BC /* MessageUI.framework in Frameworks */,
				522421FF1D32915A000ED4BC /* QuartzCore.framework in Frameworks */,
				0BC88EE301AD98E05FD77E18 /* Pods_Tasky.framework in Frameworks */,
			);
			runOnlyForDeploymentPostprocessing = 0;
		};
/* End PBXFrameworksBuildPhase section */

/* Begin PBXGroup section */
		52579C88218E381000C1DEA1 /* Achievements */ = {
			isa = PBXGroup;
			children = (
				52579C89218E385500C1DEA1 /* Achievements.swift */,
				52579C8B218E387700C1DEA1 /* ProgressManager.swift */,
			);
			path = Achievements;
			sourceTree = "<group>";
		};
		52618C441CA0725D003192AF /* Utils */ = {
			isa = PBXGroup;
			children = (
				5252F1AB219DD57F00DEC276 /* CoreData.swift */,
				521706D01BAD779E007BCE73 /* Constants.swift */,
				52C7034121441D1E00AC839F /* CustomClasses.swift */,
				52C7033A2143F7F500AC839F /* Dialogs.swift */,
				52973ACD1E2ADF8A00D7DE3F /* Extensions.swift */,
				5235B8D81AD9582800B3BAE2 /* Utils.swift */,
			);
			path = Utils;
			sourceTree = "<group>";
		};
		52973ADB1E2BAB0000D7DE3F /* Fonts */ = {
			isa = PBXGroup;
			children = (
				52973AD31E2BAAFC00D7DE3F /* GothamProBlack.ttf */,
				52973AD41E2BAAFC00D7DE3F /* GothamProBold.ttf */,
				52973AD51E2BAAFC00D7DE3F /* GothamProMedium.ttf */,
				52973AD61E2BAAFC00D7DE3F /* GothamProRegular.ttf */,
			);
			path = Fonts;
			sourceTree = "<group>";
		};
		52BEF065206FF4DF001E925B /* TaskyUITests */ = {
			isa = PBXGroup;
			children = (
				52BEF066206FF4DF001E925B /* TaskyUITests.swift */,
				52BEF06E206FF61A001E925B /* SnapshotHelper.swift */,
				52BEF068206FF4DF001E925B /* Info.plist */,
			);
			path = TaskyUITests;
			sourceTree = "<group>";
		};
		52C703392143E0AB00AC839F /* Purchase */ = {
			isa = PBXGroup;
			children = (
				527E3120206C059400547173 /* Purchase.swift */,
				52C980ED1D315E9800F7E1B0 /* Themes.swift */,
				52C703372143E09800AC839F /* Upgrade.swift */,
			);
			path = Purchase;
			sourceTree = "<group>";
		};
		52CC531A1AAA4E8A002A51C1 = {
			isa = PBXGroup;
			children = (
				52BEF065206FF4DF001E925B /* TaskyUITests */,
				A56D755768525FE3A608B124 /* Frameworks */,
				52CC53251AAA4E8A002A51C1 /* Tasky */,
				688162C05E42C87235AA5BCC /* Pods */,
				52CC53241AAA4E8A002A51C1 /* Products */,
			);
			sourceTree = "<group>";
		};
		52CC53241AAA4E8A002A51C1 /* Products */ = {
			isa = PBXGroup;
			children = (
				52CC53231AAA4E8A002A51C1 /* Tasky.app */,
				52BEF064206FF4DF001E925B /* TaskyUITests.xctest */,
			);
			name = Products;
			sourceTree = "<group>";
		};
		52CC53251AAA4E8A002A51C1 /* Tasky */ = {
			isa = PBXGroup;
			children = (
				52CC53261AAA4E8A002A51C1 /* Resources */,
				52618C441CA0725D003192AF /* Utils */,
				52C703392143E0AB00AC839F /* Purchase */,
				523DA47B1ADC574B007F7F7D /* Main.storyboard */,
				52CC53321AAA4E8A002A51C1 /* Images.xcassets */,
				52CC53281AAA4E8A002A51C1 /* AppDelegate.swift */,
				5264519B1AAF9194002C37A6 /* AddTask.swift */,
				52CC532D1AAA4E8A002A51C1 /* Goals.swift */,
				526451991AAF644F002C37A6 /* Tasks.swift */,
				52BB3EF41AE314BA00A12D0C /* Task.swift */,
				52579C88218E381000C1DEA1 /* Achievements */,
				52973AE61E2BD78B00D7DE3F /* Settings.swift */,
			);
			path = Tasky;
			sourceTree = "<group>";
		};
		52CC53261AAA4E8A002A51C1 /* Resources */ = {
			isa = PBXGroup;
			children = (
				52973ADB1E2BAB0000D7DE3F /* Fonts */,
				52CC53271AAA4E8A002A51C1 /* Info.plist */,
				52CC53341AAA4E8A002A51C1 /* LaunchScreen.xib */,
				527EBF77206D6DDA00F17038 /* Tasky.xcdatamodeld */,
			);
			path = Resources;
			sourceTree = "<group>";
		};
		688162C05E42C87235AA5BCC /* Pods */ = {
			isa = PBXGroup;
			children = (
				795ECED415D047BE942023CC /* Pods-Tasky.debug.xcconfig */,
				D4700C8528F6B1217A2ACFAD /* Pods-Tasky.release.xcconfig */,
			);
			name = Pods;
			sourceTree = "<group>";
		};
		A56D755768525FE3A608B124 /* Frameworks */ = {
			isa = PBXGroup;
			children = (
				5252DB2E206795C000621E57 /* StoreKit.framework */,
				522422001D32915F000ED4BC /* MessageUI.framework */,
				522421FE1D32915A000ED4BC /* QuartzCore.framework */,
				D71A8BDE7950392C12DA6D4F /* Pods_Tasky.framework */,
			);
			name = Frameworks;
			sourceTree = "<group>";
		};
/* End PBXGroup section */

/* Begin PBXNativeTarget section */
		52BEF063206FF4DF001E925B /* TaskyUITests */ = {
			isa = PBXNativeTarget;
			buildConfigurationList = 52BEF06D206FF4E0001E925B /* Build configuration list for PBXNativeTarget "TaskyUITests" */;
			buildPhases = (
				52BEF060206FF4DF001E925B /* Sources */,
				52BEF061206FF4DF001E925B /* Frameworks */,
				52BEF062206FF4DF001E925B /* Resources */,
			);
			buildRules = (
			);
			dependencies = (
				52BEF06A206FF4DF001E925B /* PBXTargetDependency */,
			);
			name = TaskyUITests;
			productName = TaskyUITests;
			productReference = 52BEF064206FF4DF001E925B /* TaskyUITests.xctest */;
			productType = "com.apple.product-type.bundle.ui-testing";
		};
		52CC53221AAA4E8A002A51C1 /* Tasky */ = {
			isa = PBXNativeTarget;
			buildConfigurationList = 52CC53451AAA4E8A002A51C1 /* Build configuration list for PBXNativeTarget "Tasky" */;
			buildPhases = (
				8FFB5322774703836E1B3832 /* [CP] Check Pods Manifest.lock */,
				52CC531F1AAA4E8A002A51C1 /* Sources */,
				52CC53201AAA4E8A002A51C1 /* Frameworks */,
				52CC53211AAA4E8A002A51C1 /* Resources */,
				C7BC58C9357ED37CCCAD6302 /* [CP] Embed Pods Frameworks */,
			);
			buildRules = (
			);
			dependencies = (
			);
			name = Tasky;
			productName = InTouch;
			productReference = 52CC53231AAA4E8A002A51C1 /* Tasky.app */;
			productType = "com.apple.product-type.application";
		};
/* End PBXNativeTarget section */

/* Begin PBXProject section */
		52CC531B1AAA4E8A002A51C1 /* Project object */ = {
			isa = PBXProject;
			attributes = {
				LastSwiftUpdateCheck = 0930;
				LastUpgradeCheck = 0700;
				ORGANIZATIONNAME = "Joey Tawadrous";
				TargetAttributes = {
					52BEF063206FF4DF001E925B = {
						CreatedOnToolsVersion = 9.3;
						DevelopmentTeam = P5Z7RL76WF;
						ProvisioningStyle = Automatic;
						TestTargetID = 52CC53221AAA4E8A002A51C1;
					};
					52CC53221AAA4E8A002A51C1 = {
						CreatedOnToolsVersion = 6.2;
						DevelopmentTeam = P5Z7RL76WF;
						LastSwiftMigration = 0820;
						SystemCapabilities = {
							com.apple.InAppPurchase = {
								enabled = 1;
							};
						};
					};
				};
			};
			buildConfigurationList = 52CC531E1AAA4E8A002A51C1 /* Build configuration list for PBXProject "Tasky" */;
			compatibilityVersion = "Xcode 3.2";
			developmentRegion = English;
			hasScannedForEncodings = 0;
			knownRegions = (
				en,
				Base,
			);
			mainGroup = 52CC531A1AAA4E8A002A51C1;
			productRefGroup = 52CC53241AAA4E8A002A51C1 /* Products */;
			projectDirPath = "";
			projectRoot = "";
			targets = (
				52CC53221AAA4E8A002A51C1 /* Tasky */,
				52BEF063206FF4DF001E925B /* TaskyUITests */,
			);
		};
/* End PBXProject section */

/* Begin PBXResourcesBuildPhase section */
		52BEF062206FF4DF001E925B /* Resources */ = {
			isa = PBXResourcesBuildPhase;
			buildActionMask = 2147483647;
			files = (
			);
			runOnlyForDeploymentPostprocessing = 0;
		};
		52CC53211AAA4E8A002A51C1 /* Resources */ = {
			isa = PBXResourcesBuildPhase;
			buildActionMask = 2147483647;
			files = (
				523DA47D1ADC574B007F7F7D /* Main.storyboard in Resources */,
				52973AD91E2BAAFC00D7DE3F /* GothamProMedium.ttf in Resources */,
				52CC53361AAA4E8A002A51C1 /* LaunchScreen.xib in Resources */,
				52973ADA1E2BAAFC00D7DE3F /* GothamProRegular.ttf in Resources */,
				52973AD81E2BAAFC00D7DE3F /* GothamProBold.ttf in Resources */,
				52CC53331AAA4E8A002A51C1 /* Images.xcassets in Resources */,
				52973AD71E2BAAFC00D7DE3F /* GothamProBlack.ttf in Resources */,
			);
			runOnlyForDeploymentPostprocessing = 0;
		};
/* End PBXResourcesBuildPhase section */

/* Begin PBXShellScriptBuildPhase section */
		8FFB5322774703836E1B3832 /* [CP] Check Pods Manifest.lock */ = {
			isa = PBXShellScriptBuildPhase;
			buildActionMask = 2147483647;
			files = (
			);
			inputPaths = (
				"${PODS_PODFILE_DIR_PATH}/Podfile.lock",
				"${PODS_ROOT}/Manifest.lock",
			);
			name = "[CP] Check Pods Manifest.lock";
			outputPaths = (
				"$(DERIVED_FILE_DIR)/Pods-Tasky-checkManifestLockResult.txt",
			);
			runOnlyForDeploymentPostprocessing = 0;
			shellPath = /bin/sh;
			shellScript = "diff \"${PODS_PODFILE_DIR_PATH}/Podfile.lock\" \"${PODS_ROOT}/Manifest.lock\" > /dev/null\nif [ $? != 0 ] ; then\n    # print error to STDERR\n    echo \"error: The sandbox is not in sync with the Podfile.lock. Run 'pod install' or update your CocoaPods installation.\" >&2\n    exit 1\nfi\n# This output is used by Xcode 'outputs' to avoid re-running this script phase.\necho \"SUCCESS\" > \"${SCRIPT_OUTPUT_FILE_0}\"\n";
			showEnvVarsInLog = 0;
		};
		C7BC58C9357ED37CCCAD6302 /* [CP] Embed Pods Frameworks */ = {
			isa = PBXShellScriptBuildPhase;
			buildActionMask = 2147483647;
			files = (
			);
			inputPaths = (
				"${SRCROOT}/Pods/Target Support Files/Pods-Tasky/Pods-Tasky-frameworks.sh",
				"${BUILT_PRODUCTS_DIR}/FontAwesome.swift/FontAwesome_swift.framework",
				"${BUILT_PRODUCTS_DIR}/KYCircularProgress/KYCircularProgress.framework",
				"${BUILT_PRODUCTS_DIR}/SCLAlertView/SCLAlertView.framework",
				"${BUILT_PRODUCTS_DIR}/SwiftForms/SwiftForms.framework",
				"${BUILT_PRODUCTS_DIR}/SwiftyJSON/SwiftyJSON.framework",
				"${BUILT_PRODUCTS_DIR}/SwiftyStoreKit/SwiftyStoreKit.framework",
				"${BUILT_PRODUCTS_DIR}/paper-onboarding/paper_onboarding.framework",
			);
			name = "[CP] Embed Pods Frameworks";
			outputPaths = (
				"${TARGET_BUILD_DIR}/${FRAMEWORKS_FOLDER_PATH}/FontAwesome_swift.framework",
				"${TARGET_BUILD_DIR}/${FRAMEWORKS_FOLDER_PATH}/KYCircularProgress.framework",
				"${TARGET_BUILD_DIR}/${FRAMEWORKS_FOLDER_PATH}/SCLAlertView.framework",
				"${TARGET_BUILD_DIR}/${FRAMEWORKS_FOLDER_PATH}/SwiftForms.framework",
				"${TARGET_BUILD_DIR}/${FRAMEWORKS_FOLDER_PATH}/SwiftyJSON.framework",
				"${TARGET_BUILD_DIR}/${FRAMEWORKS_FOLDER_PATH}/SwiftyStoreKit.framework",
				"${TARGET_BUILD_DIR}/${FRAMEWORKS_FOLDER_PATH}/paper_onboarding.framework",
			);
			runOnlyForDeploymentPostprocessing = 0;
			shellPath = /bin/sh;
			shellScript = "\"${SRCROOT}/Pods/Target Support Files/Pods-Tasky/Pods-Tasky-frameworks.sh\"\n";
			showEnvVarsInLog = 0;
		};
/* End PBXShellScriptBuildPhase section */

/* Begin PBXSourcesBuildPhase section */
		52BEF060206FF4DF001E925B /* Sources */ = {
			isa = PBXSourcesBuildPhase;
			buildActionMask = 2147483647;
			files = (
				52BEF067206FF4DF001E925B /* TaskyUITests.swift in Sources */,
				52BEF06F206FF61A001E925B /* SnapshotHelper.swift in Sources */,
			);
			runOnlyForDeploymentPostprocessing = 0;
		};
		52CC531F1AAA4E8A002A51C1 /* Sources */ = {
			isa = PBXSourcesBuildPhase;
			buildActionMask = 2147483647;
			files = (
				5252DB3020679E2900621E57 /* Goals.swift in Sources */,
				52C7033B2143F7F500AC839F /* Dialogs.swift in Sources */,
				52C7034221441D1E00AC839F /* CustomClasses.swift in Sources */,
				52973AE71E2BD78B00D7DE3F /* Settings.swift in Sources */,
				5252F1AC219DD58000DEC276 /* CoreData.swift in Sources */,
				527EBF79206D6DDA00F17038 /* Tasky.xcdatamodeld in Sources */,
				52579C8A218E385500C1DEA1 /* Achievements.swift in Sources */,
				52C980EE1D315E9800F7E1B0 /* Themes.swift in Sources */,
				5264519C1AAF9194002C37A6 /* AddTask.swift in Sources */,
				5235B8D91AD9582800B3BAE2 /* Utils.swift in Sources */,
				5264519A1AAF644F002C37A6 /* Tasks.swift in Sources */,
				52C703382143E09800AC839F /* Upgrade.swift in Sources */,
				52973ACE1E2ADF8A00D7DE3F /* Extensions.swift in Sources */,
				52579C8C218E387700C1DEA1 /* ProgressManager.swift in Sources */,
				527E3121206C059400547173 /* Purchase.swift in Sources */,
				52BB3EF51AE314BA00A12D0C /* Task.swift in Sources */,
				52CC53291AAA4E8A002A51C1 /* AppDelegate.swift in Sources */,
				521706D11BAD779E007BCE73 /* Constants.swift in Sources */,
			);
			runOnlyForDeploymentPostprocessing = 0;
		};
/* End PBXSourcesBuildPhase section */

/* Begin PBXTargetDependency section */
		52BEF06A206FF4DF001E925B /* PBXTargetDependency */ = {
			isa = PBXTargetDependency;
			target = 52CC53221AAA4E8A002A51C1 /* Tasky */;
			targetProxy = 52BEF069206FF4DF001E925B /* PBXContainerItemProxy */;
		};
/* End PBXTargetDependency section */

/* Begin PBXVariantGroup section */
		523DA47B1ADC574B007F7F7D /* Main.storyboard */ = {
			isa = PBXVariantGroup;
			children = (
				523DA47C1ADC574B007F7F7D /* Base */,
			);
			name = Main.storyboard;
			path = .;
			sourceTree = "<group>";
		};
		52CC53341AAA4E8A002A51C1 /* LaunchScreen.xib */ = {
			isa = PBXVariantGroup;
			children = (
				52CC53351AAA4E8A002A51C1 /* Base */,
			);
			name = LaunchScreen.xib;
			path = .;
			sourceTree = "<group>";
		};
/* End PBXVariantGroup section */

/* Begin XCBuildConfiguration section */
		52BEF06B206FF4DF001E925B /* Debug */ = {
			isa = XCBuildConfiguration;
			buildSettings = {
				CLANG_ANALYZER_NONNULL = YES;
				CLANG_ANALYZER_NUMBER_OBJECT_CONVERSION = YES_AGGRESSIVE;
				CLANG_CXX_LANGUAGE_STANDARD = "gnu++14";
				CLANG_ENABLE_OBJC_WEAK = YES;
				CLANG_WARN_BLOCK_CAPTURE_AUTORELEASING = YES;
				CLANG_WARN_COMMA = YES;
				CLANG_WARN_DEPRECATED_OBJC_IMPLEMENTATIONS = YES;
				CLANG_WARN_DOCUMENTATION_COMMENTS = YES;
				CLANG_WARN_INFINITE_RECURSION = YES;
				CLANG_WARN_NON_LITERAL_NULL_CONVERSION = YES;
				CLANG_WARN_OBJC_IMPLICIT_RETAIN_SELF = YES;
				CLANG_WARN_OBJC_LITERAL_CONVERSION = YES;
				CLANG_WARN_RANGE_LOOP_ANALYSIS = YES;
				CLANG_WARN_STRICT_PROTOTYPES = YES;
				CLANG_WARN_SUSPICIOUS_MOVE = YES;
				CLANG_WARN_UNGUARDED_AVAILABILITY = YES_AGGRESSIVE;
				CODE_SIGN_IDENTITY = "iPhone Developer";
				CODE_SIGN_STYLE = Automatic;
				DEBUG_INFORMATION_FORMAT = dwarf;
				DEVELOPMENT_TEAM = P5Z7RL76WF;
				GCC_C_LANGUAGE_STANDARD = gnu11;
				GCC_NO_COMMON_BLOCKS = YES;
				INFOPLIST_FILE = TaskyUITests/Info.plist;
				IPHONEOS_DEPLOYMENT_TARGET = 11.3;
				LD_RUNPATH_SEARCH_PATHS = "$(inherited) @executable_path/Frameworks @loader_path/Frameworks";
				PRODUCT_BUNDLE_IDENTIFIER = com.joeyt.TaskyUITests;
				PRODUCT_NAME = "$(TARGET_NAME)";
				SWIFT_ACTIVE_COMPILATION_CONDITIONS = DEBUG;
				SWIFT_OPTIMIZATION_LEVEL = "-Onone";
				SWIFT_VERSION = 4.0;
				TARGETED_DEVICE_FAMILY = "1,2";
				TEST_TARGET_NAME = Tasky;
			};
			name = Debug;
		};
		52BEF06C206FF4DF001E925B /* Release */ = {
			isa = XCBuildConfiguration;
			buildSettings = {
				CLANG_ANALYZER_NONNULL = YES;
				CLANG_ANALYZER_NUMBER_OBJECT_CONVERSION = YES_AGGRESSIVE;
				CLANG_CXX_LANGUAGE_STANDARD = "gnu++14";
				CLANG_ENABLE_OBJC_WEAK = YES;
				CLANG_WARN_BLOCK_CAPTURE_AUTORELEASING = YES;
				CLANG_WARN_COMMA = YES;
				CLANG_WARN_DEPRECATED_OBJC_IMPLEMENTATIONS = YES;
				CLANG_WARN_DOCUMENTATION_COMMENTS = YES;
				CLANG_WARN_INFINITE_RECURSION = YES;
				CLANG_WARN_NON_LITERAL_NULL_CONVERSION = YES;
				CLANG_WARN_OBJC_IMPLICIT_RETAIN_SELF = YES;
				CLANG_WARN_OBJC_LITERAL_CONVERSION = YES;
				CLANG_WARN_RANGE_LOOP_ANALYSIS = YES;
				CLANG_WARN_STRICT_PROTOTYPES = YES;
				CLANG_WARN_SUSPICIOUS_MOVE = YES;
				CLANG_WARN_UNGUARDED_AVAILABILITY = YES_AGGRESSIVE;
				CODE_SIGN_IDENTITY = "iPhone Developer";
				CODE_SIGN_STYLE = Automatic;
				COPY_PHASE_STRIP = NO;
				DEBUG_INFORMATION_FORMAT = "dwarf-with-dsym";
				DEVELOPMENT_TEAM = P5Z7RL76WF;
				GCC_C_LANGUAGE_STANDARD = gnu11;
				GCC_NO_COMMON_BLOCKS = YES;
				INFOPLIST_FILE = TaskyUITests/Info.plist;
				IPHONEOS_DEPLOYMENT_TARGET = 11.3;
				LD_RUNPATH_SEARCH_PATHS = "$(inherited) @executable_path/Frameworks @loader_path/Frameworks";
				PRODUCT_BUNDLE_IDENTIFIER = com.joeyt.TaskyUITests;
				PRODUCT_NAME = "$(TARGET_NAME)";
				SWIFT_OPTIMIZATION_LEVEL = "-Owholemodule";
				SWIFT_VERSION = 4.0;
				TARGETED_DEVICE_FAMILY = "1,2";
				TEST_TARGET_NAME = Tasky;
			};
			name = Release;
		};
		52CC53431AAA4E8A002A51C1 /* Debug */ = {
			isa = XCBuildConfiguration;
			buildSettings = {
				ALWAYS_SEARCH_USER_PATHS = NO;
				CLANG_CXX_LANGUAGE_STANDARD = "gnu++0x";
				CLANG_CXX_LIBRARY = "libc++";
				CLANG_ENABLE_MODULES = YES;
				CLANG_ENABLE_OBJC_ARC = YES;
				CLANG_WARN_BOOL_CONVERSION = YES;
				CLANG_WARN_CONSTANT_CONVERSION = YES;
				CLANG_WARN_DIRECT_OBJC_ISA_USAGE = YES_ERROR;
				CLANG_WARN_EMPTY_BODY = YES;
				CLANG_WARN_ENUM_CONVERSION = YES;
				CLANG_WARN_INT_CONVERSION = YES;
				CLANG_WARN_OBJC_ROOT_CLASS = YES_ERROR;
				CLANG_WARN_UNREACHABLE_CODE = YES;
				CLANG_WARN__DUPLICATE_METHOD_MATCH = YES;
				"CODE_SIGN_IDENTITY[sdk=iphoneos*]" = "iPhone Developer";
				COPY_PHASE_STRIP = NO;
				ENABLE_STRICT_OBJC_MSGSEND = YES;
				ENABLE_TESTABILITY = YES;
				GCC_C_LANGUAGE_STANDARD = gnu99;
				GCC_DYNAMIC_NO_PIC = NO;
				GCC_OPTIMIZATION_LEVEL = 0;
				GCC_PREPROCESSOR_DEFINITIONS = (
					"DEBUG=1",
					"$(inherited)",
				);
				GCC_SYMBOLS_PRIVATE_EXTERN = NO;
				GCC_WARN_64_TO_32_BIT_CONVERSION = YES;
				GCC_WARN_ABOUT_RETURN_TYPE = YES_ERROR;
				GCC_WARN_UNDECLARED_SELECTOR = YES;
				GCC_WARN_UNINITIALIZED_AUTOS = YES_AGGRESSIVE;
				GCC_WARN_UNUSED_FUNCTION = YES;
				GCC_WARN_UNUSED_VARIABLE = YES;
				IPHONEOS_DEPLOYMENT_TARGET = 7.0;
				MTL_ENABLE_DEBUG_INFO = YES;
				ONLY_ACTIVE_ARCH = YES;
				OTHER_SWIFT_FLAGS = "-DDEBUG";
				PRODUCT_NAME = Tasky;
				SDKROOT = iphoneos;
				SWIFT_OPTIMIZATION_LEVEL = "-O";
				USER_HEADER_SEARCH_PATHS = "Pods/**";
			};
			name = Debug;
		};
		52CC53441AAA4E8A002A51C1 /* Release */ = {
			isa = XCBuildConfiguration;
			buildSettings = {
				ALWAYS_SEARCH_USER_PATHS = NO;
				CLANG_CXX_LANGUAGE_STANDARD = "gnu++0x";
				CLANG_CXX_LIBRARY = "libc++";
				CLANG_ENABLE_MODULES = YES;
				CLANG_ENABLE_OBJC_ARC = YES;
				CLANG_WARN_BOOL_CONVERSION = YES;
				CLANG_WARN_CONSTANT_CONVERSION = YES;
				CLANG_WARN_DIRECT_OBJC_ISA_USAGE = YES_ERROR;
				CLANG_WARN_EMPTY_BODY = YES;
				CLANG_WARN_ENUM_CONVERSION = YES;
				CLANG_WARN_INT_CONVERSION = YES;
				CLANG_WARN_OBJC_ROOT_CLASS = YES_ERROR;
				CLANG_WARN_UNREACHABLE_CODE = YES;
				CLANG_WARN__DUPLICATE_METHOD_MATCH = YES;
				"CODE_SIGN_IDENTITY[sdk=iphoneos*]" = "iPhone Developer";
				COPY_PHASE_STRIP = YES;
				ENABLE_NS_ASSERTIONS = NO;
				ENABLE_STRICT_OBJC_MSGSEND = YES;
				GCC_C_LANGUAGE_STANDARD = gnu99;
				GCC_WARN_64_TO_32_BIT_CONVERSION = YES;
				GCC_WARN_ABOUT_RETURN_TYPE = YES_ERROR;
				GCC_WARN_UNDECLARED_SELECTOR = YES;
				GCC_WARN_UNINITIALIZED_AUTOS = YES_AGGRESSIVE;
				GCC_WARN_UNUSED_FUNCTION = YES;
				GCC_WARN_UNUSED_VARIABLE = YES;
				IPHONEOS_DEPLOYMENT_TARGET = 7.0;
				MTL_ENABLE_DEBUG_INFO = NO;
				OTHER_SWIFT_FLAGS = "-DRELEASE";
				PRODUCT_NAME = Tasky;
				SDKROOT = iphoneos;
				USER_HEADER_SEARCH_PATHS = "Pods/**";
				VALIDATE_PRODUCT = YES;
			};
			name = Release;
		};
		52CC53461AAA4E8A002A51C1 /* Debug */ = {
			isa = XCBuildConfiguration;
			baseConfigurationReference = 795ECED415D047BE942023CC /* Pods-Tasky.debug.xcconfig */;
			buildSettings = {
				ASSETCATALOG_COMPILER_APPICON_NAME = AppIcon;
				ASSETCATALOG_WARNINGS = NO;
				CLANG_ENABLE_MODULES = YES;
				CLANG_WARN_BOOL_CONVERSION = NO;
				CLANG_WARN_CONSTANT_CONVERSION = NO;
				CLANG_WARN_EMPTY_BODY = NO;
				CLANG_WARN_ENUM_CONVERSION = NO;
				CLANG_WARN_INT_CONVERSION = NO;
				CLANG_WARN_UNREACHABLE_CODE = NO;
				CODE_SIGN_IDENTITY = "iPhone Developer";
				"CODE_SIGN_IDENTITY[sdk=iphoneos*]" = "iPhone Developer";
				GCC_ENABLE_BUILTIN_FUNCTIONS = NO;
				GCC_WARN_64_TO_32_BIT_CONVERSION = NO;
				GCC_WARN_ABOUT_DEPRECATED_FUNCTIONS = NO;
				GCC_WARN_ABOUT_INVALID_OFFSETOF_MACRO = NO;
				GCC_WARN_ABOUT_POINTER_SIGNEDNESS = NO;
				GCC_WARN_ABOUT_RETURN_TYPE = NO;
				GCC_WARN_ALLOW_INCOMPLETE_PROTOCOL = NO;
				GCC_WARN_CHECK_SWITCH_STATEMENTS = NO;
				GCC_WARN_MISSING_PARENTHESES = NO;
				GCC_WARN_TYPECHECK_CALLS_TO_PRINTF = NO;
				GCC_WARN_UNINITIALIZED_AUTOS = NO;
				GCC_WARN_UNUSED_FUNCTION = NO;
				GCC_WARN_UNUSED_VALUE = NO;
				GCC_WARN_UNUSED_VARIABLE = NO;
				IBC_WARNINGS = NO;
				IBSC_WARNINGS = NO;
				INFOPLIST_FILE = Tasky/Resources/Info.plist;
				IPHONEOS_DEPLOYMENT_TARGET = 9.0;
				LD_RUNPATH_SEARCH_PATHS = "$(inherited) @executable_path/Frameworks";
				OTHER_SWIFT_FLAGS = "$(inherited) \"-D\" \"COCOAPODS\"";
				PRODUCT_BUNDLE_IDENTIFIER = com.joeyt.tasky;
				PRODUCT_NAME = Tasky;
				PROVISIONING_PROFILE = "";
				SWIFT_INSTALL_OBJC_HEADER = YES;
				SWIFT_OPTIMIZATION_LEVEL = "-Onone";
				SWIFT_VERSION = 4.0;
				TARGETED_DEVICE_FAMILY = "1,2";
				USER_HEADER_SEARCH_PATHS = "Pods/**";
			};
			name = Debug;
		};
		52CC53471AAA4E8A002A51C1 /* Release */ = {
			isa = XCBuildConfiguration;
			baseConfigurationReference = D4700C8528F6B1217A2ACFAD /* Pods-Tasky.release.xcconfig */;
			buildSettings = {
				ASSETCATALOG_COMPILER_APPICON_NAME = AppIcon;
				ASSETCATALOG_WARNINGS = NO;
				CLANG_ENABLE_MODULES = YES;
				CLANG_WARN_BOOL_CONVERSION = NO;
				CLANG_WARN_CONSTANT_CONVERSION = NO;
				CLANG_WARN_EMPTY_BODY = NO;
				CLANG_WARN_ENUM_CONVERSION = NO;
				CLANG_WARN_INT_CONVERSION = NO;
				CLANG_WARN_UNREACHABLE_CODE = NO;
				CODE_SIGN_IDENTITY = "iPhone Developer";
				"CODE_SIGN_IDENTITY[sdk=iphoneos*]" = "iPhone Developer";
				GCC_ENABLE_BUILTIN_FUNCTIONS = NO;
				GCC_WARN_64_TO_32_BIT_CONVERSION = NO;
				GCC_WARN_ABOUT_DEPRECATED_FUNCTIONS = NO;
				GCC_WARN_ABOUT_INVALID_OFFSETOF_MACRO = NO;
				GCC_WARN_ABOUT_POINTER_SIGNEDNESS = NO;
				GCC_WARN_ABOUT_RETURN_TYPE = NO;
				GCC_WARN_ALLOW_INCOMPLETE_PROTOCOL = NO;
				GCC_WARN_CHECK_SWITCH_STATEMENTS = NO;
				GCC_WARN_MISSING_PARENTHESES = NO;
				GCC_WARN_TYPECHECK_CALLS_TO_PRINTF = NO;
				GCC_WARN_UNINITIALIZED_AUTOS = NO;
				GCC_WARN_UNUSED_FUNCTION = NO;
				GCC_WARN_UNUSED_VALUE = NO;
				GCC_WARN_UNUSED_VARIABLE = NO;
				IBC_WARNINGS = NO;
				IBSC_WARNINGS = NO;
				INFOPLIST_FILE = Tasky/Resources/Info.plist;
				IPHONEOS_DEPLOYMENT_TARGET = 9.0;
				LD_RUNPATH_SEARCH_PATHS = "$(inherited) @executable_path/Frameworks";
				OTHER_SWIFT_FLAGS = "$(inherited) \"-D\" \"COCOAPODS\"";
				PRODUCT_BUNDLE_IDENTIFIER = com.joeyt.tasky;
				PRODUCT_NAME = Tasky;
				PROVISIONING_PROFILE = "";
				SWIFT_INSTALL_OBJC_HEADER = YES;
				SWIFT_VERSION = 4.0;
				TARGETED_DEVICE_FAMILY = "1,2";
				USER_HEADER_SEARCH_PATHS = "Pods/**";
			};
			name = Release;
		};
/* End XCBuildConfiguration section */

/* Begin XCConfigurationList section */
		52BEF06D206FF4E0001E925B /* Build configuration list for PBXNativeTarget "TaskyUITests" */ = {
			isa = XCConfigurationList;
			buildConfigurations = (
				52BEF06B206FF4DF001E925B /* Debug */,
				52BEF06C206FF4DF001E925B /* Release */,
			);
			defaultConfigurationIsVisible = 0;
			defaultConfigurationName = Release;
		};
		52CC531E1AAA4E8A002A51C1 /* Build configuration list for PBXProject "Tasky" */ = {
			isa = XCConfigurationList;
			buildConfigurations = (
				52CC53431AAA4E8A002A51C1 /* Debug */,
				52CC53441AAA4E8A002A51C1 /* Release */,
			);
			defaultConfigurationIsVisible = 0;
			defaultConfigurationName = Release;
		};
		52CC53451AAA4E8A002A51C1 /* Build configuration list for PBXNativeTarget "Tasky" */ = {
			isa = XCConfigurationList;
			buildConfigurations = (
				52CC53461AAA4E8A002A51C1 /* Debug */,
				52CC53471AAA4E8A002A51C1 /* Release */,
			);
			defaultConfigurationIsVisible = 0;
			defaultConfigurationName = Release;
		};
/* End XCConfigurationList section */

/* Begin XCVersionGroup section */
		527EBF77206D6DDA00F17038 /* Tasky.xcdatamodeld */ = {
			isa = XCVersionGroup;
			children = (
				527EBF78206D6DDA00F17038 /* InTouch.xcdatamodel */,
			);
			currentVersion = 527EBF78206D6DDA00F17038 /* InTouch.xcdatamodel */;
			path = Tasky.xcdatamodeld;
			sourceTree = "<group>";
			versionGroupType = wrapper.xcdatamodel;
		};
/* End XCVersionGroup section */
	};
	rootObject = 52CC531B1AAA4E8A002A51C1 /* Project object */;
}
